
Microsoft Visual Studio Solution File, Format Version 12.00
# Visual Studio Version 17
VisualStudioVersion = 17.3.32929.385
MinimumVisualStudioVersion = 10.0.40219.1
Project("{FAE04EC0-301F-11D3-BF4B-00C04F79EFBC}") = "Fighting_game", "Fighting_game\Fighting_game.csproj", "{7BEF213F-F46D-44CC-A36D-E844C14EA5BE}"
EndProject
Global
	GlobalSection(SolutionConfigurationPlatforms) = preSolution
		Debug|Any CPU = Debug|Any CPU
		Release|Any CPU = Release|Any CPU
	EndGlobalSection
	GlobalSection(ProjectConfigurationPlatforms) = postSolution
		{7BEF213F-F46D-44CC-A36D-E844C14EA5BE}.Debug|Any CPU.ActiveCfg = Debug|Any CPU
		{7BEF213F-F46D-44CC-A36D-E844C14EA5BE}.Debug|Any CPU.Build.0 = Debug|Any CPU
		{7BEF213F-F46D-44CC-A36D-E844C14EA5BE}.Release|Any CPU.ActiveCfg = Release|Any CPU
		{7BEF213F-F46D-44CC-A36D-E844C14EA5BE}.Release|Any CPU.Build.0 = Release|Any CPU
	EndGlobalSection
	GlobalSection(SolutionProperties) = preSolution
		HideSolutionNode = FALSE
	EndGlobalSection
	GlobalSection(ExtensibilityGlobals) = postSolution
		SolutionGuid = {1B4AC3AD-DFD8-46B9-A52E-B3CE2071D7DE}
	EndGlobalSection
EndGlobal
