
Microsoft Visual Studio Solution File, Format Version 12.00
# Visual Studio Version 17
VisualStudioVersion = 17.3.32901.215
MinimumVisualStudioVersion = 10.0.40219.1
Project("{FAE04EC0-301F-11D3-BF4B-00C04F79EFBC}") = "Family_tree", "Family_tree\Family_tree.csproj", "{ACE987C1-502F-49AF-AFA9-90E5A2A9FB37}"
EndProject
Global
	GlobalSection(SolutionConfigurationPlatforms) = preSolution
		Debug|Any CPU = Debug|Any CPU
		Release|Any CPU = Release|Any CPU
	EndGlobalSection
	GlobalSection(ProjectConfigurationPlatforms) = postSolution
		{ACE987C1-502F-49AF-AFA9-90E5A2A9FB37}.Debug|Any CPU.ActiveCfg = Debug|Any CPU
		{ACE987C1-502F-49AF-AFA9-90E5A2A9FB37}.Debug|Any CPU.Build.0 = Debug|Any CPU
		{ACE987C1-502F-49AF-AFA9-90E5A2A9FB37}.Release|Any CPU.ActiveCfg = Release|Any CPU
		{ACE987C1-502F-49AF-AFA9-90E5A2A9FB37}.Release|Any CPU.Build.0 = Release|Any CPU
	EndGlobalSection
	GlobalSection(SolutionProperties) = preSolution
		HideSolutionNode = FALSE
	EndGlobalSection
	GlobalSection(ExtensibilityGlobals) = postSolution
		SolutionGuid = {A8E1A1D1-59B2-4D41-A936-A8ED0E72749A}
	EndGlobalSection
EndGlobal
