
Microsoft Visual Studio Solution File, Format Version 12.00
# Visual Studio Version 17
VisualStudioVersion = 17.4.33403.182
MinimumVisualStudioVersion = 10.0.40219.1
Project("{FAE04EC0-301F-11D3-BF4B-00C04F79EFBC}") = "Ppt23.Client", "Ppt23.Client.csproj", "{F1230CA8-5D0C-4A7D-B29A-A738C56B4BA5}"
EndProject
Global
	GlobalSection(SolutionConfigurationPlatforms) = preSolution
		Debug|Any CPU = Debug|Any CPU
		Release|Any CPU = Release|Any CPU
	EndGlobalSection
	GlobalSection(ProjectConfigurationPlatforms) = postSolution
		{F1230CA8-5D0C-4A7D-B29A-A738C56B4BA5}.Debug|Any CPU.ActiveCfg = Debug|Any CPU
		{F1230CA8-5D0C-4A7D-B29A-A738C56B4BA5}.Debug|Any CPU.Build.0 = Debug|Any CPU
		{F1230CA8-5D0C-4A7D-B29A-A738C56B4BA5}.Release|Any CPU.ActiveCfg = Release|Any CPU
		{F1230CA8-5D0C-4A7D-B29A-A738C56B4BA5}.Release|Any CPU.Build.0 = Release|Any CPU
	EndGlobalSection
	GlobalSection(SolutionProperties) = preSolution
		HideSolutionNode = FALSE
	EndGlobalSection
	GlobalSection(ExtensibilityGlobals) = postSolution
		SolutionGuid = {8C18ABE2-AFBF-42B3-868E-27FCFD1B61BA}
	EndGlobalSection
EndGlobal
