
Microsoft Visual Studio Solution File, Format Version 12.00
# Visual Studio Version 17
VisualStudioVersion = 17.3.32929.385
MinimumVisualStudioVersion = 10.0.40219.1
Project("{FAE04EC0-301F-11D3-BF4B-00C04F79EFBC}") = "obnovovani_onka", "obnovovani_onka\obnovovani_onka.csproj", "{4A0CD894-656E-4DF3-A449-63F808B4EA7E}"
EndProject
Global
	GlobalSection(SolutionConfigurationPlatforms) = preSolution
		Debug|Any CPU = Debug|Any CPU
		Release|Any CPU = Release|Any CPU
	EndGlobalSection
	GlobalSection(ProjectConfigurationPlatforms) = postSolution
		{4A0CD894-656E-4DF3-A449-63F808B4EA7E}.Debug|Any CPU.ActiveCfg = Debug|Any CPU
		{4A0CD894-656E-4DF3-A449-63F808B4EA7E}.Debug|Any CPU.Build.0 = Debug|Any CPU
		{4A0CD894-656E-4DF3-A449-63F808B4EA7E}.Release|Any CPU.ActiveCfg = Release|Any CPU
		{4A0CD894-656E-4DF3-A449-63F808B4EA7E}.Release|Any CPU.Build.0 = Release|Any CPU
	EndGlobalSection
	GlobalSection(SolutionProperties) = preSolution
		HideSolutionNode = FALSE
	EndGlobalSection
	GlobalSection(ExtensibilityGlobals) = postSolution
		SolutionGuid = {D808DA63-0A5B-490E-954E-8E0F1893227E}
	EndGlobalSection
EndGlobal
