
Microsoft Visual Studio Solution File, Format Version 12.00
# Visual Studio Version 17
VisualStudioVersion = 17.3.32929.385
MinimumVisualStudioVersion = 10.0.40219.1
Project("{FAE04EC0-301F-11D3-BF4B-00C04F79EFBC}") = "Walking_game", "Walking_game\Walking_game.csproj", "{9431C9DF-2B1F-4F5E-8791-5600BF57B9C4}"
EndProject
Global
	GlobalSection(SolutionConfigurationPlatforms) = preSolution
		Debug|Any CPU = Debug|Any CPU
		Release|Any CPU = Release|Any CPU
	EndGlobalSection
	GlobalSection(ProjectConfigurationPlatforms) = postSolution
		{9431C9DF-2B1F-4F5E-8791-5600BF57B9C4}.Debug|Any CPU.ActiveCfg = Debug|Any CPU
		{9431C9DF-2B1F-4F5E-8791-5600BF57B9C4}.Debug|Any CPU.Build.0 = Debug|Any CPU
		{9431C9DF-2B1F-4F5E-8791-5600BF57B9C4}.Release|Any CPU.ActiveCfg = Release|Any CPU
		{9431C9DF-2B1F-4F5E-8791-5600BF57B9C4}.Release|Any CPU.Build.0 = Release|Any CPU
	EndGlobalSection
	GlobalSection(SolutionProperties) = preSolution
		HideSolutionNode = FALSE
	EndGlobalSection
	GlobalSection(ExtensibilityGlobals) = postSolution
		SolutionGuid = {142AAF49-4AD2-4D28-A200-63524551D088}
	EndGlobalSection
EndGlobal
