
Microsoft Visual Studio Solution File, Format Version 12.00
# Visual Studio Version 17
VisualStudioVersion = 17.4.33403.182
MinimumVisualStudioVersion = 10.0.40219.1
Project("{FAE04EC0-301F-11D3-BF4B-00C04F79EFBC}") = "zkouska", "zkouska.csproj", "{A7BC2645-C229-4997-8365-01AC2385C1FB}"
EndProject
Global
	GlobalSection(SolutionConfigurationPlatforms) = preSolution
		Debug|Any CPU = Debug|Any CPU
		Release|Any CPU = Release|Any CPU
	EndGlobalSection
	GlobalSection(ProjectConfigurationPlatforms) = postSolution
		{A7BC2645-C229-4997-8365-01AC2385C1FB}.Debug|Any CPU.ActiveCfg = Debug|Any CPU
		{A7BC2645-C229-4997-8365-01AC2385C1FB}.Debug|Any CPU.Build.0 = Debug|Any CPU
		{A7BC2645-C229-4997-8365-01AC2385C1FB}.Release|Any CPU.ActiveCfg = Release|Any CPU
		{A7BC2645-C229-4997-8365-01AC2385C1FB}.Release|Any CPU.Build.0 = Release|Any CPU
	EndGlobalSection
	GlobalSection(SolutionProperties) = preSolution
		HideSolutionNode = FALSE
	EndGlobalSection
	GlobalSection(ExtensibilityGlobals) = postSolution
		SolutionGuid = {4E92B4A5-BC17-44AC-8063-568C56F7EBAC}
	EndGlobalSection
EndGlobal
